// !$*UTF8*$!
{
	archiveVersion = 1;
	classes = {
	};
	objectVersion = 46;
	objects = {

/* Begin PBXBuildFile section */
		F81BEF921E2939F900755CD2 /* AppDelegate.swift in Sources */ = {isa = PBXBuildFile; fileRef = F81BEF911E2939F900755CD2 /* AppDelegate.swift */; };
		F81BEF941E2939F900755CD2 /* ViewController.swift in Sources */ = {isa = PBXBuildFile; fileRef = F81BEF931E2939F900755CD2 /* ViewController.swift */; };
		F81BEF971E2939F900755CD2 /* Main.storyboard in Resources */ = {isa = PBXBuildFile; fileRef = F81BEF951E2939F900755CD2 /* Main.storyboard */; };
		F81BEF991E2939F900755CD2 /* Assets.xcassets in Resources */ = {isa = PBXBuildFile; fileRef = F81BEF981E2939F900755CD2 /* Assets.xcassets */; };
		F81BEF9C1E2939F900755CD2 /* LaunchScreen.storyboard in Resources */ = {isa = PBXBuildFile; fileRef = F81BEF9A1E2939F900755CD2 /* LaunchScreen.storyboard */; };
		F81BEFA71E2939F900755CD2 /* Audio_GID2Tests.swift in Sources */ = {isa = PBXBuildFile; fileRef = F81BEFA61E2939F900755CD2 /* Audio_GID2Tests.swift */; };
		F81BEFB21E2939F900755CD2 /* Audio_GID2UITests.swift in Sources */ = {isa = PBXBuildFile; fileRef = F81BEFB11E2939F900755CD2 /* Audio_GID2UITests.swift */; };
		F81BEFC21E2E81F500755CD2 /* sidetoside.mp3 in Resources */ = {isa = PBXBuildFile; fileRef = F81BEFC11E2E81F500755CD2 /* sidetoside.mp3 */; };
/* End PBXBuildFile section */

/* Begin PBXContainerItemProxy section */
		F81BEFA31E2939F900755CD2 /* PBXContainerItemProxy */ = {
			isa = PBXContainerItemProxy;
			containerPortal = F81BEF861E2939F900755CD2 /* Project object */;
			proxyType = 1;
			remoteGlobalIDString = F81BEF8D1E2939F900755CD2;
			remoteInfo = "Audio GID2";
		};
		F81BEFAE1E2939F900755CD2 /* PBXContainerItemProxy */ = {
			isa = PBXContainerItemProxy;
			containerPortal = F81BEF861E2939F900755CD2 /* Project object */;
			proxyType = 1;
			remoteGlobalIDString = F81BEF8D1E2939F900755CD2;
			remoteInfo = "Audio GID2";
		};
/* End PBXContainerItemProxy section */

/* Begin PBXFileReference section */
		F81BEF8E1E2939F900755CD2 /* Audio GID2.app */ = {isa = PBXFileReference; explicitFileType = wrapper.application; includeInIndex = 0; path = "Audio GID2.app"; sourceTree = BUILT_PRODUCTS_DIR; };
		F81BEF911E2939F900755CD2 /* AppDelegate.swift */ = {isa = PBXFileReference; lastKnownFileType = sourcecode.swift; path = AppDelegate.swift; sourceTree = "<group>"; };
		F81BEF931E2939F900755CD2 /* ViewController.swift */ = {isa = PBXFileReference; lastKnownFileType = sourcecode.swift; path = ViewController.swift; sourceTree = "<group>"; };
		F81BEF961E2939F900755CD2 /* Base */ = {isa = PBXFileReference; lastKnownFileType = file.storyboard; name = Base; path = Base.lproj/Main.storyboard; sourceTree = "<group>"; };
		F81BEF981E2939F900755CD2 /* Assets.xcassets */ = {isa = PBXFileReference; lastKnownFileType = folder.assetcatalog; path = Assets.xcassets; sourceTree = "<group>"; };
		F81BEF9B1E2939F900755CD2 /* Base */ = {isa = PBXFileReference; lastKnownFileType = file.storyboard; name = Base; path = Base.lproj/LaunchScreen.storyboard; sourceTree = "<group>"; };
		F81BEF9D1E2939F900755CD2 /* Info.plist */ = {isa = PBXFileReference; lastKnownFileType = text.plist.xml; path = Info.plist; sourceTree = "<group>"; };
		F81BEFA21E2939F900755CD2 /* Audio GID2Tests.xctest */ = {isa = PBXFileReference; explicitFileType = wrapper.cfbundle; includeInIndex = 0; path = "Audio GID2Tests.xctest"; sourceTree = BUILT_PRODUCTS_DIR; };
		F81BEFA61E2939F900755CD2 /* Audio_GID2Tests.swift */ = {isa = PBXFileReference; lastKnownFileType = sourcecode.swift; path = Audio_GID2Tests.swift; sourceTree = "<group>"; };
		F81BEFA81E2939F900755CD2 /* Info.plist */ = {isa = PBXFileReference; lastKnownFileType = text.plist.xml; path = Info.plist; sourceTree = "<group>"; };
		F81BEFAD1E2939F900755CD2 /* Audio GID2UITests.xctest */ = {isa = PBXFileReference; explicitFileType = wrapper.cfbundle; includeInIndex = 0; path = "Audio GID2UITests.xctest"; sourceTree = BUILT_PRODUCTS_DIR; };
		F81BEFB11E2939F900755CD2 /* Audio_GID2UITests.swift */ = {isa = PBXFileReference; lastKnownFileType = sourcecode.swift; path = Audio_GID2UITests.swift; sourceTree = "<group>"; };
		F81BEFB31E2939F900755CD2 /* Info.plist */ = {isa = PBXFileReference; lastKnownFileType = text.plist.xml; path = Info.plist; sourceTree = "<group>"; };
		F81BEFC11E2E81F500755CD2 /* sidetoside.mp3 */ = {isa = PBXFileReference; lastKnownFileType = audio.mp3; path = sidetoside.mp3; sourceTree = "<group>"; };
/* End PBXFileReference section */

/* Begin PBXFrameworksBuildPhase section */
		F81BEF8B1E2939F900755CD2 /* Frameworks */ = {
			isa = PBXFrameworksBuildPhase;
			buildActionMask = 2147483647;
			files = (
			);
			runOnlyForDeploymentPostprocessing = 0;
		};
		F81BEF9F1E2939F900755CD2 /* Frameworks */ = {
			isa = PBXFrameworksBuildPhase;
			buildActionMask = 2147483647;
			files = (
			);
			runOnlyForDeploymentPostprocessing = 0;
		};
		F81BEFAA1E2939F900755CD2 /* Frameworks */ = {
			isa = PBXFrameworksBuildPhase;
			buildActionMask = 2147483647;
			files = (
			);
			runOnlyForDeploymentPostprocessing = 0;
		};
/* End PBXFrameworksBuildPhase section */

/* Begin PBXGroup section */
		F81BEF851E2939F900755CD2 = {
			isa = PBXGroup;
			children = (
				F81BEF901E2939F900755CD2 /* Audio GID2 */,
				F81BEFA51E2939F900755CD2 /* Audio GID2Tests */,
				F81BEFB01E2939F900755CD2 /* Audio GID2UITests */,
				F81BEF8F1E2939F900755CD2 /* Products */,
			);
			sourceTree = "<group>";
		};
		F81BEF8F1E2939F900755CD2 /* Products */ = {
			isa = PBXGroup;
			children = (
				F81BEF8E1E2939F900755CD2 /* Audio GID2.app */,
				F81BEFA21E2939F900755CD2 /* Audio GID2Tests.xctest */,
				F81BEFAD1E2939F900755CD2 /* Audio GID2UITests.xctest */,
			);
			name = Products;
			sourceTree = "<group>";
		};
		F81BEF901E2939F900755CD2 /* Audio GID2 */ = {
			isa = PBXGroup;
			children = (
				F81BEF911E2939F900755CD2 /* AppDelegate.swift */,
				F81BEF931E2939F900755CD2 /* ViewController.swift */,
				F81BEF951E2939F900755CD2 /* Main.storyboard */,
				F81BEF981E2939F900755CD2 /* Assets.xcassets */,
				F81BEF9A1E2939F900755CD2 /* LaunchScreen.storyboard */,
				F81BEFC11E2E81F500755CD2 /* sidetoside.mp3 */,
				F81BEF9D1E2939F900755CD2 /* Info.plist */,
			);
			path = "Audio GID2";
			sourceTree = "<group>";
		};
		F81BEFA51E2939F900755CD2 /* Audio GID2Tests */ = {
			isa = PBXGroup;
			children = (
				F81BEFA61E2939F900755CD2 /* Audio_GID2Tests.swift */,
				F81BEFA81E2939F900755CD2 /* Info.plist */,
			);
			path = "Audio GID2Tests";
			sourceTree = "<group>";
		};
		F81BEFB01E2939F900755CD2 /* Audio GID2UITests */ = {
			isa = PBXGroup;
			children = (
				F81BEFB11E2939F900755CD2 /* Audio_GID2UITests.swift */,
				F81BEFB31E2939F900755CD2 /* Info.plist */,
			);
			path = "Audio GID2UITests";
			sourceTree = "<group>";
		};
/* End PBXGroup section */

/* Begin PBXNativeTarget section */
		F81BEF8D1E2939F900755CD2 /* Audio GID2 */ = {
			isa = PBXNativeTarget;
			buildConfigurationList = F81BEFB61E2939F900755CD2 /* Build configuration list for PBXNativeTarget "Audio GID2" */;
			buildPhases = (
				F81BEF8A1E2939F900755CD2 /* Sources */,
				F81BEF8B1E2939F900755CD2 /* Frameworks */,
				F81BEF8C1E2939F900755CD2 /* Resources */,
			);
			buildRules = (
			);
			dependencies = (
			);
			name = "Audio GID2";
			productName = "Audio GID2";
			productReference = F81BEF8E1E2939F900755CD2 /* Audio GID2.app */;
			productType = "com.apple.product-type.application";
		};
		F81BEFA11E2939F900755CD2 /* Audio GID2Tests */ = {
			isa = PBXNativeTarget;
			buildConfigurationList = F81BEFB91E2939F900755CD2 /* Build configuration list for PBXNativeTarget "Audio GID2Tests" */;
			buildPhases = (
				F81BEF9E1E2939F900755CD2 /* Sources */,
				F81BEF9F1E2939F900755CD2 /* Frameworks */,
				F81BEFA01E2939F900755CD2 /* Resources */,
			);
			buildRules = (
			);
			dependencies = (
				F81BEFA41E2939F900755CD2 /* PBXTargetDependency */,
			);
			name = "Audio GID2Tests";
			productName = "Audio GID2Tests";
			productReference = F81BEFA21E2939F900755CD2 /* Audio GID2Tests.xctest */;
			productType = "com.apple.product-type.bundle.unit-test";
		};
		F81BEFAC1E2939F900755CD2 /* Audio GID2UITests */ = {
			isa = PBXNativeTarget;
			buildConfigurationList = F81BEFBC1E2939F900755CD2 /* Build configuration list for PBXNativeTarget "Audio GID2UITests" */;
			buildPhases = (
				F81BEFA91E2939F900755CD2 /* Sources */,
				F81BEFAA1E2939F900755CD2 /* Frameworks */,
				F81BEFAB1E2939F900755CD2 /* Resources */,
			);
			buildRules = (
			);
			dependencies = (
				F81BEFAF1E2939F900755CD2 /* PBXTargetDependency */,
			);
			name = "Audio GID2UITests";
			productName = "Audio GID2UITests";
			productReference = F81BEFAD1E2939F900755CD2 /* Audio GID2UITests.xctest */;
			productType = "com.apple.product-type.bundle.ui-testing";
		};
/* End PBXNativeTarget section */

/* Begin PBXProject section */
		F81BEF861E2939F900755CD2 /* Project object */ = {
			isa = PBXProject;
			attributes = {
				LastSwiftUpdateCheck = 0820;
				LastUpgradeCheck = 0820;
				ORGANIZATIONNAME = "Evan Wiesman";
				TargetAttributes = {
					F81BEF8D1E2939F900755CD2 = {
						CreatedOnToolsVersion = 8.2.1;
						ProvisioningStyle = Automatic;
					};
					F81BEFA11E2939F900755CD2 = {
						CreatedOnToolsVersion = 8.2.1;
						ProvisioningStyle = Automatic;
						TestTargetID = F81BEF8D1E2939F900755CD2;
					};
					F81BEFAC1E2939F900755CD2 = {
						CreatedOnToolsVersion = 8.2.1;
						ProvisioningStyle = Automatic;
						TestTargetID = F81BEF8D1E2939F900755CD2;
					};
				};
			};
			buildConfigurationList = F81BEF891E2939F900755CD2 /* Build configuration list for PBXProject "Audio GID2" */;
			compatibilityVersion = "Xcode 3.2";
			developmentRegion = English;
			hasScannedForEncodings = 0;
			knownRegions = (
				en,
				Base,
			);
			mainGroup = F81BEF851E2939F900755CD2;
			productRefGroup = F81BEF8F1E2939F900755CD2 /* Products */;
			projectDirPath = "";
			projectRoot = "";
			targets = (
				F81BEF8D1E2939F900755CD2 /* Audio GID2 */,
				F81BEFA11E2939F900755CD2 /* Audio GID2Tests */,
				F81BEFAC1E2939F900755CD2 /* Audio GID2UITests */,
			);
		};
/* End PBXProject section */

/* Begin PBXResourcesBuildPhase section */
		F81BEF8C1E2939F900755CD2 /* Resources */ = {
			isa = PBXResourcesBuildPhase;
			buildActionMask = 2147483647;
			files = (
				F81BEF9C1E2939F900755CD2 /* LaunchScreen.storyboard in Resources */,
				F81BEFC21E2E81F500755CD2 /* sidetoside.mp3 in Resources */,
				F81BEF991E2939F900755CD2 /* Assets.xcassets in Resources */,
				F81BEF971E2939F900755CD2 /* Main.storyboard in Resources */,
			);
			runOnlyForDeploymentPostprocessing = 0;
		};
		F81BEFA01E2939F900755CD2 /* Resources */ = {
			isa = PBXResourcesBuildPhase;
			buildActionMask = 2147483647;
			files = (
			);
			runOnlyForDeploymentPostprocessing = 0;
		};
		F81BEFAB1E2939F900755CD2 /* Resources */ = {
			isa = PBXResourcesBuildPhase;
			buildActionMask = 2147483647;
			files = (
			);
			runOnlyForDeploymentPostprocessing = 0;
		};
/* End PBXResourcesBuildPhase section */

/* Begin PBXSourcesBuildPhase section */
		F81BEF8A1E2939F900755CD2 /* Sources */ = {
			isa = PBXSourcesBuildPhase;
			buildActionMask = 2147483647;
			files = (
				F81BEF941E2939F900755CD2 /* ViewController.swift in Sources */,
				F81BEF921E2939F900755CD2 /* AppDelegate.swift in Sources */,
			);
			runOnlyForDeploymentPostprocessing = 0;
		};
		F81BEF9E1E2939F900755CD2 /* Sources */ = {
			isa = PBXSourcesBuildPhase;
			buildActionMask = 2147483647;
			files = (
				F81BEFA71E2939F900755CD2 /* Audio_GID2Tests.swift in Sources */,
			);
			runOnlyForDeploymentPostprocessing = 0;
		};
		F81BEFA91E2939F900755CD2 /* Sources */ = {
			isa = PBXSourcesBuildPhase;
			buildActionMask = 2147483647;
			files = (
				F81BEFB21E2939F900755CD2 /* Audio_GID2UITests.swift in Sources */,
			);
			runOnlyForDeploymentPostprocessing = 0;
		};
/* End PBXSourcesBuildPhase section */

/* Begin PBXTargetDependency section */
		F81BEFA41E2939F900755CD2 /* PBXTargetDependency */ = {
			isa = PBXTargetDependency;
			target = F81BEF8D1E2939F900755CD2 /* Audio GID2 */;
			targetProxy = F81BEFA31E2939F900755CD2 /* PBXContainerItemProxy */;
		};
		F81BEFAF1E2939F900755CD2 /* PBXTargetDependency */ = {
			isa = PBXTargetDependency;
			target = F81BEF8D1E2939F900755CD2 /* Audio GID2 */;
			targetProxy = F81BEFAE1E2939F900755CD2 /* PBXContainerItemProxy */;
		};
/* End PBXTargetDependency section */

/* Begin PBXVariantGroup section */
		F81BEF951E2939F900755CD2 /* Main.storyboard */ = {
			isa = PBXVariantGroup;
			children = (
				F81BEF961E2939F900755CD2 /* Base */,
			);
			name = Main.storyboard;
			sourceTree = "<group>";
		};
		F81BEF9A1E2939F900755CD2 /* LaunchScreen.storyboard */ = {
			isa = PBXVariantGroup;
			children = (
				F81BEF9B1E2939F900755CD2 /* Base */,
			);
			name = LaunchScreen.storyboard;
			sourceTree = "<group>";
		};
/* End PBXVariantGroup section */

/* Begin XCBuildConfiguration section */
		F81BEFB41E2939F900755CD2 /* Debug */ = {
			isa = XCBuildConfiguration;
			buildSettings = {
				ALWAYS_SEARCH_USER_PATHS = NO;
				CLANG_ANALYZER_NONNULL = YES;
				CLANG_CXX_LANGUAGE_STANDARD = "gnu++0x";
				CLANG_CXX_LIBRARY = "libc++";
				CLANG_ENABLE_MODULES = YES;
				CLANG_ENABLE_OBJC_ARC = YES;
				CLANG_WARN_BOOL_CONVERSION = YES;
				CLANG_WARN_CONSTANT_CONVERSION = YES;
				CLANG_WARN_DIRECT_OBJC_ISA_USAGE = YES_ERROR;
				CLANG_WARN_DOCUMENTATION_COMMENTS = YES;
				CLANG_WARN_EMPTY_BODY = YES;
				CLANG_WARN_ENUM_CONVERSION = YES;
				CLANG_WARN_INFINITE_RECURSION = YES;
				CLANG_WARN_INT_CONVERSION = YES;
				CLANG_WARN_OBJC_ROOT_CLASS = YES_ERROR;
				CLANG_WARN_SUSPICIOUS_MOVE = YES;
				CLANG_WARN_UNREACHABLE_CODE = YES;
				CLANG_WARN__DUPLICATE_METHOD_MATCH = YES;
				"CODE_SIGN_IDENTITY[sdk=iphoneos*]" = "iPhone Developer";
				COPY_PHASE_STRIP = NO;
				DEBUG_INFORMATION_FORMAT = dwarf;
				ENABLE_STRICT_OBJC_MSGSEND = YES;
				ENABLE_TESTABILITY = YES;
				GCC_C_LANGUAGE_STANDARD = gnu99;
				GCC_DYNAMIC_NO_PIC = NO;
				GCC_NO_COMMON_BLOCKS = YES;
				GCC_OPTIMIZATION_LEVEL = 0;
				GCC_PREPROCESSOR_DEFINITIONS = (
					"DEBUG=1",
					"$(inherited)",
				);
				GCC_WARN_64_TO_32_BIT_CONVERSION = YES;
				GCC_WARN_ABOUT_RETURN_TYPE = YES_ERROR;
				GCC_WARN_UNDECLARED_SELECTOR = YES;
				GCC_WARN_UNINITIALIZED_AUTOS = YES_AGGRESSIVE;
				GCC_WARN_UNUSED_FUNCTION = YES;
				GCC_WARN_UNUSED_VARIABLE = YES;
				IPHONEOS_DEPLOYMENT_TARGET = 10.2;
				MTL_ENABLE_DEBUG_INFO = YES;
				ONLY_ACTIVE_ARCH = YES;
				SDKROOT = iphoneos;
				SWIFT_ACTIVE_COMPILATION_CONDITIONS = DEBUG;
				SWIFT_OPTIMIZATION_LEVEL = "-Onone";
				TARGETED_DEVICE_FAMILY = "1,2";
			};
			name = Debug;
		};
		F81BEFB51E2939F900755CD2 /* Release */ = {
			isa = XCBuildConfiguration;
			buildSettings = {
				ALWAYS_SEARCH_USER_PATHS = NO;
				CLANG_ANALYZER_NONNULL = YES;
				CLANG_CXX_LANGUAGE_STANDARD = "gnu++0x";
				CLANG_CXX_LIBRARY = "libc++";
				CLANG_ENABLE_MODULES = YES;
				CLANG_ENABLE_OBJC_ARC = YES;
				CLANG_WARN_BOOL_CONVERSION = YES;
				CLANG_WARN_CONSTANT_CONVERSION = YES;
				CLANG_WARN_DIRECT_OBJC_ISA_USAGE = YES_ERROR;
				CLANG_WARN_DOCUMENTATION_COMMENTS = YES;
				CLANG_WARN_EMPTY_BODY = YES;
				CLANG_WARN_ENUM_CONVERSION = YES;
				CLANG_WARN_INFINITE_RECURSION = YES;
				CLANG_WARN_INT_CONVERSION = YES;
				CLANG_WARN_OBJC_ROOT_CLASS = YES_ERROR;
				CLANG_WARN_SUSPICIOUS_MOVE = YES;
				CLANG_WARN_UNREACHABLE_CODE = YES;
				CLANG_WARN__DUPLICATE_METHOD_MATCH = YES;
				"CODE_SIGN_IDENTITY[sdk=iphoneos*]" = "iPhone Developer";
				COPY_PHASE_STRIP = NO;
				DEBUG_INFORMATION_FORMAT = "dwarf-with-dsym";
				ENABLE_NS_ASSERTIONS = NO;
				ENABLE_STRICT_OBJC_MSGSEND = YES;
				GCC_C_LANGUAGE_STANDARD = gnu99;
				GCC_NO_COMMON_BLOCKS = YES;
				GCC_WARN_64_TO_32_BIT_CONVERSION = YES;
				GCC_WARN_ABOUT_RETURN_TYPE = YES_ERROR;
				GCC_WARN_UNDECLARED_SELECTOR = YES;
				GCC_WARN_UNINITIALIZED_AUTOS = YES_AGGRESSIVE;
				GCC_WARN_UNUSED_FUNCTION = YES;
				GCC_WARN_UNUSED_VARIABLE = YES;
				IPHONEOS_DEPLOYMENT_TARGET = 10.2;
				MTL_ENABLE_DEBUG_INFO = NO;
				SDKROOT = iphoneos;
				SWIFT_OPTIMIZATION_LEVEL = "-Owholemodule";
				TARGETED_DEVICE_FAMILY = "1,2";
				VALIDATE_PRODUCT = YES;
			};
			name = Release;
		};
		F81BEFB71E2939F900755CD2 /* Debug */ = {
			isa = XCBuildConfiguration;
			buildSettings = {
				ASSETCATALOG_COMPILER_APPICON_NAME = AppIcon;
				INFOPLIST_FILE = "Audio GID2/Info.plist";
				LD_RUNPATH_SEARCH_PATHS = "$(inherited) @executable_path/Frameworks";
				PRODUCT_BUNDLE_IDENTIFIER = "bhs.Audio-GID2";
				PRODUCT_NAME = "$(TARGET_NAME)";
				SWIFT_VERSION = 3.0;
			};
			name = Debug;
		};
		F81BEFB81E2939F900755CD2 /* Release */ = {
			isa = XCBuildConfiguration;
			buildSettings = {
				ASSETCATALOG_COMPILER_APPICON_NAME = AppIcon;
				INFOPLIST_FILE = "Audio GID2/Info.plist";
				LD_RUNPATH_SEARCH_PATHS = "$(inherited) @executable_path/Frameworks";
				PRODUCT_BUNDLE_IDENTIFIER = "bhs.Audio-GID2";
				PRODUCT_NAME = "$(TARGET_NAME)";
				SWIFT_VERSION = 3.0;
			};
			name = Release;
		};
		F81BEFBA1E2939F900755CD2 /* Debug */ = {
			isa = XCBuildConfiguration;
			buildSettings = {
				ALWAYS_EMBED_SWIFT_STANDARD_LIBRARIES = YES;
				BUNDLE_LOADER = "$(TEST_HOST)";
				INFOPLIST_FILE = "Audio GID2Tests/Info.plist";
				LD_RUNPATH_SEARCH_PATHS = "$(inherited) @executable_path/Frameworks @loader_path/Frameworks";
				PRODUCT_BUNDLE_IDENTIFIER = "bhs.Audio-GID2Tests";
				PRODUCT_NAME = "$(TARGET_NAME)";
				SWIFT_VERSION = 3.0;
				TEST_HOST = "$(BUILT_PRODUCTS_DIR)/Audio GID2.app/Audio GID2";
			};
			name = Debug;
		};
		F81BEFBB1E2939F900755CD2 /* Release */ = {
			isa = XCBuildConfiguration;
			buildSettings = {
				ALWAYS_EMBED_SWIFT_STANDARD_LIBRARIES = YES;
				BUNDLE_LOADER = "$(TEST_HOST)";
				INFOPLIST_FILE = "Audio GID2Tests/Info.plist";
				LD_RUNPATH_SEARCH_PATHS = "$(inherited) @executable_path/Frameworks @loader_path/Frameworks";
				PRODUCT_BUNDLE_IDENTIFIER = "bhs.Audio-GID2Tests";
				PRODUCT_NAME = "$(TARGET_NAME)";
				SWIFT_VERSION = 3.0;
				TEST_HOST = "$(BUILT_PRODUCTS_DIR)/Audio GID2.app/Audio GID2";
			};
			name = Release;
		};
		F81BEFBD1E2939F900755CD2 /* Debug */ = {
			isa = XCBuildConfiguration;
			buildSettings = {
				ALWAYS_EMBED_SWIFT_STANDARD_LIBRARIES = YES;
				INFOPLIST_FILE = "Audio GID2UITests/Info.plist";
				LD_RUNPATH_SEARCH_PATHS = "$(inherited) @executable_path/Frameworks @loader_path/Frameworks";
				PRODUCT_BUNDLE_IDENTIFIER = "bhs.Audio-GID2UITests";
				PRODUCT_NAME = "$(TARGET_NAME)";
				SWIFT_VERSION = 3.0;
				TEST_TARGET_NAME = "Audio GID2";
			};
			name = Debug;
		};
		F81BEFBE1E2939F900755CD2 /* Release */ = {
			isa = XCBuildConfiguration;
			buildSettings = {
				ALWAYS_EMBED_SWIFT_STANDARD_LIBRARIES = YES;
				INFOPLIST_FILE = "Audio GID2UITests/Info.plist";
				LD_RUNPATH_SEARCH_PATHS = "$(inherited) @executable_path/Frameworks @loader_path/Frameworks";
				PRODUCT_BUNDLE_IDENTIFIER = "bhs.Audio-GID2UITests";
				PRODUCT_NAME = "$(TARGET_NAME)";
				SWIFT_VERSION = 3.0;
				TEST_TARGET_NAME = "Audio GID2";
			};
			name = Release;
		};
/* End XCBuildConfiguration section */

/* Begin XCConfigurationList section */
		F81BEF891E2939F900755CD2 /* Build configuration list for PBXProject "Audio GID2" */ = {
			isa = XCConfigurationList;
			buildConfigurations = (
				F81BEFB41E2939F900755CD2 /* Debug */,
				F81BEFB51E2939F900755CD2 /* Release */,
			);
			defaultConfigurationIsVisible = 0;
			defaultConfigurationName = Release;
		};
		F81BEFB61E2939F900755CD2 /* Build configuration list for PBXNativeTarget "Audio GID2" */ = {
			isa = XCConfigurationList;
			buildConfigurations = (
				F81BEFB71E2939F900755CD2 /* Debug */,
				F81BEFB81E2939F900755CD2 /* Release */,
			);
			defaultConfigurationIsVisible = 0;
		};
		F81BEFB91E2939F900755CD2 /* Build configuration list for PBXNativeTarget "Audio GID2Tests" */ = {
			isa = XCConfigurationList;
			buildConfigurations = (
				F81BEFBA1E2939F900755CD2 /* Debug */,
				F81BEFBB1E2939F900755CD2 /* Release */,
			);
			defaultConfigurationIsVisible = 0;
		};
		F81BEFBC1E2939F900755CD2 /* Build configuration list for PBXNativeTarget "Audio GID2UITests" */ = {
			isa = XCConfigurationList;
			buildConfigurations = (
				F81BEFBD1E2939F900755CD2 /* Debug */,
				F81BEFBE1E2939F900755CD2 /* Release */,
			);
			defaultConfigurationIsVisible = 0;
		};
/* End XCConfigurationList section */
	};
	rootObject = F81BEF861E2939F900755CD2 /* Project object */;
}
